<?xml version="1.0" encoding="utf-8"?>
<Project ToolsVersion="17.0" xmlns="http://schemas.microsoft.com/developer/msbuild/2003">
  <ItemGroup>
    <ClCompile Include="F:\CodeXProject\LandLords\backend\server\tests\room_lifecycle_service_test.cpp">
      <Filter>Source Files</Filter>
    </ClCompile>
    <ClCompile Include="F:\CodeXProject\LandLords\backend\server\src\bid_strategy.cpp">
      <Filter>Source Files</Filter>
    </ClCompile>
    <ClCompile Include="F:\CodeXProject\LandLords\backend\server\src\bot_strategy.cpp">
      <Filter>Source Files</Filter>
    </ClCompile>
    <ClCompile Include="F:\CodeXProject\LandLords\backend\server\src\file_friend_request_repository.cpp">
      <Filter>Source Files</Filter>
    </ClCompile>
    <ClCompile Include="F:\CodeXProject\LandLords\backend\server\src\file_user_repository.cpp">
      <Filter>Source Files</Filter>
    </ClCompile>
    <ClCompile Include="F:\CodeXProject\LandLords\backend\server\src\game_service.cpp">
      <Filter>Source Files</Filter>
    </ClCompile>
    <ClCompile Include="F:\CodeXProject\LandLords\backend\server\src\logging.cpp">
      <Filter>Source Files</Filter>
    </ClCompile>
    <ClCompile Include="F:\CodeXProject\LandLords\backend\server\src\models.cpp">
      <Filter>Source Files</Filter>
    </ClCompile>
    <ClCompile Include="F:\CodeXProject\LandLords\backend\server\src\onnx_bot_strategy.cpp">
      <Filter>Source Files</Filter>
    </ClCompile>
    <ClCompile Include="F:\CodeXProject\LandLords\backend\server\src\room.cpp">
      <Filter>Source Files</Filter>
    </ClCompile>
    <ClCompile Include="F:\CodeXProject\LandLords\backend\server\generated\landlords.pb.cc">
      <Filter>Source Files</Filter>
    </ClCompile>
  </ItemGroup>
  <ItemGroup>
    <CustomBuild Include="F:\CodeXProject\LandLords\backend\server\CMakeLists.txt" />
  </ItemGroup>
  <ItemGroup>
    <Filter Include="Source Files">
      <UniqueIdentifier>{7EAB6173-01FE-335D-9848-35E8964345C7}</UniqueIdentifier>
    </Filter>
  </ItemGroup>
</Project>
